
Microsoft Visual Studio Solution File, Format Version 12.00
Project("{FAE04EC0-301F-11D3-BF4B-00C04F79EFBC}") = "FixedThreadPool", "FixedThreadPool\FixedThreadPool.csproj", "{70BA3AF1-91FA-4FDD-B535-EFE59BC717BF}"
EndProject
Project("{FAE04EC0-301F-11D3-BF4B-00C04F79EFBC}") = "Tests", "Tests\Tests.csproj", "{7E000D37-A5A0-47CA-94FA-F01F276B395B}"
EndProject
Global
	GlobalSection(SolutionConfigurationPlatforms) = preSolution
		Debug|Any CPU = Debug|Any CPU
		Release|Any CPU = Release|Any CPU
	EndGlobalSection
	GlobalSection(ProjectConfigurationPlatforms) = postSolution
		{70BA3AF1-91FA-4FDD-B535-EFE59BC717BF}.Debug|Any CPU.ActiveCfg = Debug|Any CPU
		{70BA3AF1-91FA-4FDD-B535-EFE59BC717BF}.Debug|Any CPU.Build.0 = Debug|Any CPU
		{70BA3AF1-91FA-4FDD-B535-EFE59BC717BF}.Release|Any CPU.ActiveCfg = Release|Any CPU
		{70BA3AF1-91FA-4FDD-B535-EFE59BC717BF}.Release|Any CPU.Build.0 = Release|Any CPU
		{7E000D37-A5A0-47CA-94FA-F01F276B395B}.Debug|Any CPU.ActiveCfg = Debug|Any CPU
		{7E000D37-A5A0-47CA-94FA-F01F276B395B}.Debug|Any CPU.Build.0 = Debug|Any CPU
		{7E000D37-A5A0-47CA-94FA-F01F276B395B}.Release|Any CPU.ActiveCfg = Release|Any CPU
		{7E000D37-A5A0-47CA-94FA-F01F276B395B}.Release|Any CPU.Build.0 = Release|Any CPU
	EndGlobalSection
EndGlobal
